
Microsoft Visual Studio Solution File, Format Version 12.00
# Visual Studio Version 17
VisualStudioVersion = 17.7.34003.232
MinimumVisualStudioVersion = 10.0.40219.1
Project("{FAE04EC0-301F-11D3-BF4B-00C04F79EFBC}") = "ProyectoTaller2", "ProyectoTaller2\ProyectoTaller2.csproj", "{06161CBD-920F-4523-B741-10DFB1E253AE}"
EndProject
Global
	GlobalSection(SolutionConfigurationPlatforms) = preSolution
		Debug|Any CPU = Debug|Any CPU
		Release|Any CPU = Release|Any CPU
	EndGlobalSection
	GlobalSection(ProjectConfigurationPlatforms) = postSolution
		{06161CBD-920F-4523-B741-10DFB1E253AE}.Debug|Any CPU.ActiveCfg = Debug|Any CPU
		{06161CBD-920F-4523-B741-10DFB1E253AE}.Debug|Any CPU.Build.0 = Debug|Any CPU
		{06161CBD-920F-4523-B741-10DFB1E253AE}.Release|Any CPU.ActiveCfg = Release|Any CPU
		{06161CBD-920F-4523-B741-10DFB1E253AE}.Release|Any CPU.Build.0 = Release|Any CPU
	EndGlobalSection
	GlobalSection(SolutionProperties) = preSolution
		HideSolutionNode = FALSE
	EndGlobalSection
	GlobalSection(ExtensibilityGlobals) = postSolution
		SolutionGuid = {801C808A-68C4-4722-A5E0-990F0BF6CBE6}
	EndGlobalSection
EndGlobal
